schema: '2.0'
stages:
  get_data:
    cmd: python scripts/data.py
    deps:
    - path: scripts/data.py
      hash: md5
      md5: 0cb91ccf334d3a8c724bcfb33d59cc59
      size: 1495
    params:
      params.yaml:
        index_col: customer_id
    outs:
    - path: data/initial_data.csv
      hash: md5
      md5: 6697ae9f4f5405b281ab612658a11a63
      size: 824765
      cloud:
        my_storage:
          etag: 6697ae9f4f5405b281ab612658a11a63
          version_id: 00065576E130C134
  fit_model:
    cmd: python scripts/fit.py
    deps:
    - path: data/initial_data.csv
      hash: md5
      md5: 6697ae9f4f5405b281ab612658a11a63
      size: 824765
    - path: scripts/fit.py
      hash: md5
      md5: 8c6eb1431e1530633a0b9e539d5c5940
      size: 2249
    params:
      params.yaml:
        auto_class_weights: Balanced
        index_col: customer_id
        one_hot_drop: if_binary
        target_col: target
    outs:
    - path: models/fitted_model.pkl
      hash: md5
      md5: af3554578fecadca8cf00951a7a15df7
      size: 1101687
      cloud:
        my_storage:
          etag: af3554578fecadca8cf00951a7a15df7
          version_id: 00065576E12A8AD6
  evaluate_model:
    cmd: python scripts/evaluate.py
    deps:
    - path: models/fitted_model.pkl
      hash: md5
      md5: af3554578fecadca8cf00951a7a15df7
      size: 1101687
    - path: scripts/evaluate.py
      hash: md5
      md5: aad3d791926195dbea2883ae69eb6386
      size: 1398
    params:
      params.yaml:
        index_col: customer_id
        metrics:
        - f1
        - roc_auc
        n_jobs: -1
        n_splits: 5
        target_col: target
    outs:
    - path: cv_results/cv_res.json
      hash: md5
      md5: 23b55fa9cf769ae78ff0ab5a2b03a44b
      size: 77
      cloud:
        my_storage:
          etag: 23b55fa9cf769ae78ff0ab5a2b03a44b
          version_id: '00065576E1356054'
